// !$*UTF8*$!
{
	archiveVersion = 1;
	classes = {
	};
	objectVersion = 48;
	objects = {

/* Begin PBXBuildFile section */
		108FB5586822FF3ADCFE1116 /* Pods_twilight.framework in Frameworks */ = {isa = PBXBuildFile; fileRef = 9687C5F96C4D7C82F8D27980 /* Pods_twilight.framework */; };
		950366961FB7DC59003A22B0 /* LaunchScreen.storyboard in Resources */ = {isa = PBXBuildFile; fileRef = 9503668D1FB7DC58003A22B0 /* LaunchScreen.storyboard */; };
		950366971FB7DC59003A22B0 /* Main.storyboard in Resources */ = {isa = PBXBuildFile; fileRef = 9503668E1FB7DC58003A22B0 /* Main.storyboard */; };
		950366981FB7DC59003A22B0 /* ViewController.swift in Sources */ = {isa = PBXBuildFile; fileRef = 950366911FB7DC58003A22B0 /* ViewController.swift */; };
		9503669A1FB7DC59003A22B0 /* AppDelegate.swift in Sources */ = {isa = PBXBuildFile; fileRef = 950366941FB7DC58003A22B0 /* AppDelegate.swift */; };
		9503669C1FB7DC74003A22B0 /* APISecrets.swift in Sources */ = {isa = PBXBuildFile; fileRef = 9503669B1FB7DC74003A22B0 /* APISecrets.swift */; };
		9503669E1FB7DC9F003A22B0 /* GrootUsersService.swift in Sources */ = {isa = PBXBuildFile; fileRef = 9503669D1FB7DC9F003A22B0 /* GrootUsersService.swift */; };
		950366A01FB7DCB1003A22B0 /* GrootTwilightService.swift in Sources */ = {isa = PBXBuildFile; fileRef = 9503669F1FB7DCB1003A22B0 /* GrootTwilightService.swift */; };
		950366A21FB7DDDA003A22B0 /* GrootService.swift in Sources */ = {isa = PBXBuildFile; fileRef = 950366A11FB7DDDA003A22B0 /* GrootService.swift */; };
		95350ABA1FB7C7DE00B3D0F5 /* twilightTests.swift in Sources */ = {isa = PBXBuildFile; fileRef = 95350AB91FB7C7DE00B3D0F5 /* twilightTests.swift */; };
		95350AC51FB7C7DE00B3D0F5 /* twilightUITests.swift in Sources */ = {isa = PBXBuildFile; fileRef = 95350AC41FB7C7DE00B3D0F5 /* twilightUITests.swift */; };
		CF2B4A402368375834AED873 /* Pods_twilightUITests.framework in Frameworks */ = {isa = PBXBuildFile; fileRef = 34B4FF183A4E9A63B52377B3 /* Pods_twilightUITests.framework */; };
		EA99E36EECBD5A0352FF33C8 /* Pods_twilightTests.framework in Frameworks */ = {isa = PBXBuildFile; fileRef = D41094F60E1768392F1FBB92 /* Pods_twilightTests.framework */; };
/* End PBXBuildFile section */

/* Begin PBXContainerItemProxy section */
		95350AB61FB7C7DE00B3D0F5 /* PBXContainerItemProxy */ = {
			isa = PBXContainerItemProxy;
			containerPortal = 95350A991FB7C7DE00B3D0F5 /* Project object */;
			proxyType = 1;
			remoteGlobalIDString = 95350AA01FB7C7DE00B3D0F5;
			remoteInfo = twilight;
		};
		95350AC11FB7C7DE00B3D0F5 /* PBXContainerItemProxy */ = {
			isa = PBXContainerItemProxy;
			containerPortal = 95350A991FB7C7DE00B3D0F5 /* Project object */;
			proxyType = 1;
			remoteGlobalIDString = 95350AA01FB7C7DE00B3D0F5;
			remoteInfo = twilight;
		};
/* End PBXContainerItemProxy section */

/* Begin PBXFileReference section */
		2A42799F01DDB877B1C98349 /* Pods-twilightUITests.debug.xcconfig */ = {isa = PBXFileReference; includeInIndex = 1; lastKnownFileType = text.xcconfig; name = "Pods-twilightUITests.debug.xcconfig"; path = "Pods/Target Support Files/Pods-twilightUITests/Pods-twilightUITests.debug.xcconfig"; sourceTree = "<group>"; };
		34B4FF183A4E9A63B52377B3 /* Pods_twilightUITests.framework */ = {isa = PBXFileReference; explicitFileType = wrapper.framework; includeInIndex = 0; path = Pods_twilightUITests.framework; sourceTree = BUILT_PRODUCTS_DIR; };
		69EF649DCEE072B155677761 /* Pods-twilightUITests.release.xcconfig */ = {isa = PBXFileReference; includeInIndex = 1; lastKnownFileType = text.xcconfig; name = "Pods-twilightUITests.release.xcconfig"; path = "Pods/Target Support Files/Pods-twilightUITests/Pods-twilightUITests.release.xcconfig"; sourceTree = "<group>"; };
		6C7A1B2BC6FD6722782C571E /* Pods-twilight.release.xcconfig */ = {isa = PBXFileReference; includeInIndex = 1; lastKnownFileType = text.xcconfig; name = "Pods-twilight.release.xcconfig"; path = "Pods/Target Support Files/Pods-twilight/Pods-twilight.release.xcconfig"; sourceTree = "<group>"; };
		950366891FB7DB9D003A22B0 /* Info.plist */ = {isa = PBXFileReference; lastKnownFileType = text.plist.xml; path = Info.plist; sourceTree = "<group>"; };
		9503668A1FB7DB9D003A22B0 /* Assets.xcassets */ = {isa = PBXFileReference; lastKnownFileType = folder.assetcatalog; path = Assets.xcassets; sourceTree = "<group>"; };
		9503668D1FB7DC58003A22B0 /* LaunchScreen.storyboard */ = {isa = PBXFileReference; fileEncoding = 4; lastKnownFileType = file.storyboard; path = LaunchScreen.storyboard; sourceTree = "<group>"; };
		9503668E1FB7DC58003A22B0 /* Main.storyboard */ = {isa = PBXFileReference; fileEncoding = 4; lastKnownFileType = file.storyboard; path = Main.storyboard; sourceTree = "<group>"; };
		950366911FB7DC58003A22B0 /* ViewController.swift */ = {isa = PBXFileReference; fileEncoding = 4; lastKnownFileType = sourcecode.swift; path = ViewController.swift; sourceTree = "<group>"; };
		950366941FB7DC58003A22B0 /* AppDelegate.swift */ = {isa = PBXFileReference; fileEncoding = 4; lastKnownFileType = sourcecode.swift; path = AppDelegate.swift; sourceTree = "<group>"; };
		9503669B1FB7DC74003A22B0 /* APISecrets.swift */ = {isa = PBXFileReference; lastKnownFileType = sourcecode.swift; path = APISecrets.swift; sourceTree = "<group>"; };
		9503669D1FB7DC9F003A22B0 /* GrootUsersService.swift */ = {isa = PBXFileReference; lastKnownFileType = sourcecode.swift; path = GrootUsersService.swift; sourceTree = "<group>"; };
		9503669F1FB7DCB1003A22B0 /* GrootTwilightService.swift */ = {isa = PBXFileReference; lastKnownFileType = sourcecode.swift; path = GrootTwilightService.swift; sourceTree = "<group>"; };
		950366A11FB7DDDA003A22B0 /* GrootService.swift */ = {isa = PBXFileReference; lastKnownFileType = sourcecode.swift; path = GrootService.swift; sourceTree = "<group>"; };
		95350AA11FB7C7DE00B3D0F5 /* twilight.app */ = {isa = PBXFileReference; explicitFileType = wrapper.application; includeInIndex = 0; path = twilight.app; sourceTree = BUILT_PRODUCTS_DIR; };
		95350AB51FB7C7DE00B3D0F5 /* twilightTests.xctest */ = {isa = PBXFileReference; explicitFileType = wrapper.cfbundle; includeInIndex = 0; path = twilightTests.xctest; sourceTree = BUILT_PRODUCTS_DIR; };
		95350AB91FB7C7DE00B3D0F5 /* twilightTests.swift */ = {isa = PBXFileReference; lastKnownFileType = sourcecode.swift; path = twilightTests.swift; sourceTree = "<group>"; };
		95350ABB1FB7C7DE00B3D0F5 /* Info.plist */ = {isa = PBXFileReference; lastKnownFileType = text.plist.xml; path = Info.plist; sourceTree = "<group>"; };
		95350AC01FB7C7DE00B3D0F5 /* twilightUITests.xctest */ = {isa = PBXFileReference; explicitFileType = wrapper.cfbundle; includeInIndex = 0; path = twilightUITests.xctest; sourceTree = BUILT_PRODUCTS_DIR; };
		95350AC41FB7C7DE00B3D0F5 /* twilightUITests.swift */ = {isa = PBXFileReference; lastKnownFileType = sourcecode.swift; path = twilightUITests.swift; sourceTree = "<group>"; };
		95350AC61FB7C7DE00B3D0F5 /* Info.plist */ = {isa = PBXFileReference; lastKnownFileType = text.plist.xml; path = Info.plist; sourceTree = "<group>"; };
		9687C5F96C4D7C82F8D27980 /* Pods_twilight.framework */ = {isa = PBXFileReference; explicitFileType = wrapper.framework; includeInIndex = 0; path = Pods_twilight.framework; sourceTree = BUILT_PRODUCTS_DIR; };
		AB11A0FBFD9AB046748D48FA /* Pods-twilightTests.debug.xcconfig */ = {isa = PBXFileReference; includeInIndex = 1; lastKnownFileType = text.xcconfig; name = "Pods-twilightTests.debug.xcconfig"; path = "Pods/Target Support Files/Pods-twilightTests/Pods-twilightTests.debug.xcconfig"; sourceTree = "<group>"; };
		D41094F60E1768392F1FBB92 /* Pods_twilightTests.framework */ = {isa = PBXFileReference; explicitFileType = wrapper.framework; includeInIndex = 0; path = Pods_twilightTests.framework; sourceTree = BUILT_PRODUCTS_DIR; };
		FD425BE7F5FB9B468C95493C /* Pods-twilight.debug.xcconfig */ = {isa = PBXFileReference; includeInIndex = 1; lastKnownFileType = text.xcconfig; name = "Pods-twilight.debug.xcconfig"; path = "Pods/Target Support Files/Pods-twilight/Pods-twilight.debug.xcconfig"; sourceTree = "<group>"; };
		FDEE91A1EA7A308AC3C5CD1E /* Pods-twilightTests.release.xcconfig */ = {isa = PBXFileReference; includeInIndex = 1; lastKnownFileType = text.xcconfig; name = "Pods-twilightTests.release.xcconfig"; path = "Pods/Target Support Files/Pods-twilightTests/Pods-twilightTests.release.xcconfig"; sourceTree = "<group>"; };
/* End PBXFileReference section */

/* Begin PBXFrameworksBuildPhase section */
		95350A9E1FB7C7DE00B3D0F5 /* Frameworks */ = {
			isa = PBXFrameworksBuildPhase;
			buildActionMask = 2147483647;
			files = (
				108FB5586822FF3ADCFE1116 /* Pods_twilight.framework in Frameworks */,
			);
			runOnlyForDeploymentPostprocessing = 0;
		};
		95350AB21FB7C7DE00B3D0F5 /* Frameworks */ = {
			isa = PBXFrameworksBuildPhase;
			buildActionMask = 2147483647;
			files = (
				EA99E36EECBD5A0352FF33C8 /* Pods_twilightTests.framework in Frameworks */,
			);
			runOnlyForDeploymentPostprocessing = 0;
		};
		95350ABD1FB7C7DE00B3D0F5 /* Frameworks */ = {
			isa = PBXFrameworksBuildPhase;
			buildActionMask = 2147483647;
			files = (
				CF2B4A402368375834AED873 /* Pods_twilightUITests.framework in Frameworks */,
			);
			runOnlyForDeploymentPostprocessing = 0;
		};
/* End PBXFrameworksBuildPhase section */

/* Begin PBXGroup section */
		2EEB07FD760A2BB15C86D668 /* Frameworks */ = {
			isa = PBXGroup;
			children = (
				9687C5F96C4D7C82F8D27980 /* Pods_twilight.framework */,
				D41094F60E1768392F1FBB92 /* Pods_twilightTests.framework */,
				34B4FF183A4E9A63B52377B3 /* Pods_twilightUITests.framework */,
			);
			name = Frameworks;
			sourceTree = "<group>";
		};
		9503668B1FB7DC58003A22B0 /* twilight */ = {
			isa = PBXGroup;
			children = (
				9503668C1FB7DC58003A22B0 /* Storyboards */,
				9503668F1FB7DC58003A22B0 /* Models */,
				950366901FB7DC58003A22B0 /* ViewControllers */,
				950366921FB7DC58003A22B0 /* APIServices */,
				950366941FB7DC58003A22B0 /* AppDelegate.swift */,
				950366951FB7DC58003A22B0 /* Views */,
			);
			path = twilight;
			sourceTree = "<group>";
		};
		9503668C1FB7DC58003A22B0 /* Storyboards */ = {
			isa = PBXGroup;
			children = (
				9503668D1FB7DC58003A22B0 /* LaunchScreen.storyboard */,
				9503668E1FB7DC58003A22B0 /* Main.storyboard */,
			);
			path = Storyboards;
			sourceTree = "<group>";
		};
		9503668F1FB7DC58003A22B0 /* Models */ = {
			isa = PBXGroup;
			children = (
			);
			path = Models;
			sourceTree = "<group>";
		};
		950366901FB7DC58003A22B0 /* ViewControllers */ = {
			isa = PBXGroup;
			children = (
				950366911FB7DC58003A22B0 /* ViewController.swift */,
			);
			path = ViewControllers;
			sourceTree = "<group>";
		};
		950366921FB7DC58003A22B0 /* APIServices */ = {
			isa = PBXGroup;
			children = (
				9503669B1FB7DC74003A22B0 /* APISecrets.swift */,
				950366A11FB7DDDA003A22B0 /* GrootService.swift */,
				9503669D1FB7DC9F003A22B0 /* GrootUsersService.swift */,
				9503669F1FB7DCB1003A22B0 /* GrootTwilightService.swift */,
			);
			path = APIServices;
			sourceTree = "<group>";
		};
		950366951FB7DC58003A22B0 /* Views */ = {
			isa = PBXGroup;
			children = (
			);
			path = Views;
			sourceTree = "<group>";
		};
		95350A981FB7C7DE00B3D0F5 = {
			isa = PBXGroup;
			children = (
				9503668B1FB7DC58003A22B0 /* twilight */,
				9503668A1FB7DB9D003A22B0 /* Assets.xcassets */,
				950366891FB7DB9D003A22B0 /* Info.plist */,
				95350AB81FB7C7DE00B3D0F5 /* twilightTests */,
				95350AC31FB7C7DE00B3D0F5 /* twilightUITests */,
				95350AA21FB7C7DE00B3D0F5 /* Products */,
				A70D87B4DC1745DAFED42DD9 /* Pods */,
				2EEB07FD760A2BB15C86D668 /* Frameworks */,
			);
			sourceTree = "<group>";
		};
		95350AA21FB7C7DE00B3D0F5 /* Products */ = {
			isa = PBXGroup;
			children = (
				95350AA11FB7C7DE00B3D0F5 /* twilight.app */,
				95350AB51FB7C7DE00B3D0F5 /* twilightTests.xctest */,
				95350AC01FB7C7DE00B3D0F5 /* twilightUITests.xctest */,
			);
			name = Products;
			sourceTree = "<group>";
		};
		95350AB81FB7C7DE00B3D0F5 /* twilightTests */ = {
			isa = PBXGroup;
			children = (
				95350AB91FB7C7DE00B3D0F5 /* twilightTests.swift */,
				95350ABB1FB7C7DE00B3D0F5 /* Info.plist */,
			);
			path = twilightTests;
			sourceTree = "<group>";
		};
		95350AC31FB7C7DE00B3D0F5 /* twilightUITests */ = {
			isa = PBXGroup;
			children = (
				95350AC41FB7C7DE00B3D0F5 /* twilightUITests.swift */,
				95350AC61FB7C7DE00B3D0F5 /* Info.plist */,
			);
			path = twilightUITests;
			sourceTree = "<group>";
		};
		A70D87B4DC1745DAFED42DD9 /* Pods */ = {
			isa = PBXGroup;
			children = (
				FD425BE7F5FB9B468C95493C /* Pods-twilight.debug.xcconfig */,
				6C7A1B2BC6FD6722782C571E /* Pods-twilight.release.xcconfig */,
				AB11A0FBFD9AB046748D48FA /* Pods-twilightTests.debug.xcconfig */,
				FDEE91A1EA7A308AC3C5CD1E /* Pods-twilightTests.release.xcconfig */,
				2A42799F01DDB877B1C98349 /* Pods-twilightUITests.debug.xcconfig */,
				69EF649DCEE072B155677761 /* Pods-twilightUITests.release.xcconfig */,
			);
			name = Pods;
			sourceTree = "<group>";
		};
/* End PBXGroup section */

/* Begin PBXNativeTarget section */
		95350AA01FB7C7DE00B3D0F5 /* twilight */ = {
			isa = PBXNativeTarget;
			buildConfigurationList = 95350AC91FB7C7DE00B3D0F5 /* Build configuration list for PBXNativeTarget "twilight" */;
			buildPhases = (
				7A3561134C815F3A62FB5091 /* [CP] Check Pods Manifest.lock */,
				95350A9D1FB7C7DE00B3D0F5 /* Sources */,
				95350A9E1FB7C7DE00B3D0F5 /* Frameworks */,
				95350A9F1FB7C7DE00B3D0F5 /* Resources */,
				3A5D2DC5A8A49ED07F6B1833 /* [CP] Embed Pods Frameworks */,
				CB50AC35FF8DBFBB7B95C390 /* [CP] Copy Pods Resources */,
			);
			buildRules = (
			);
			dependencies = (
			);
			name = twilight;
			productName = twilight;
			productReference = 95350AA11FB7C7DE00B3D0F5 /* twilight.app */;
			productType = "com.apple.product-type.application";
		};
		95350AB41FB7C7DE00B3D0F5 /* twilightTests */ = {
			isa = PBXNativeTarget;
			buildConfigurationList = 95350ACC1FB7C7DE00B3D0F5 /* Build configuration list for PBXNativeTarget "twilightTests" */;
			buildPhases = (
				0E212B86F160F11794262B7F /* [CP] Check Pods Manifest.lock */,
				95350AB11FB7C7DE00B3D0F5 /* Sources */,
				95350AB21FB7C7DE00B3D0F5 /* Frameworks */,
				95350AB31FB7C7DE00B3D0F5 /* Resources */,
				AA046E50D1905E60626DF0BD /* [CP] Embed Pods Frameworks */,
				39DFDEA13C5EE07472AB7792 /* [CP] Copy Pods Resources */,
			);
			buildRules = (
			);
			dependencies = (
				95350AB71FB7C7DE00B3D0F5 /* PBXTargetDependency */,
			);
			name = twilightTests;
			productName = twilightTests;
			productReference = 95350AB51FB7C7DE00B3D0F5 /* twilightTests.xctest */;
			productType = "com.apple.product-type.bundle.unit-test";
		};
		95350ABF1FB7C7DE00B3D0F5 /* twilightUITests */ = {
			isa = PBXNativeTarget;
			buildConfigurationList = 95350ACF1FB7C7DE00B3D0F5 /* Build configuration list for PBXNativeTarget "twilightUITests" */;
			buildPhases = (
				3C656CC3A87A5CED0798FF7D /* [CP] Check Pods Manifest.lock */,
				95350ABC1FB7C7DE00B3D0F5 /* Sources */,
				95350ABD1FB7C7DE00B3D0F5 /* Frameworks */,
				95350ABE1FB7C7DE00B3D0F5 /* Resources */,
				40955F73638CA024E5BF605C /* [CP] Embed Pods Frameworks */,
				DAC586B1439ABC8770A7FECD /* [CP] Copy Pods Resources */,
			);
			buildRules = (
			);
			dependencies = (
				95350AC21FB7C7DE00B3D0F5 /* PBXTargetDependency */,
			);
			name = twilightUITests;
			productName = twilightUITests;
			productReference = 95350AC01FB7C7DE00B3D0F5 /* twilightUITests.xctest */;
			productType = "com.apple.product-type.bundle.ui-testing";
		};
/* End PBXNativeTarget section */

/* Begin PBXProject section */
		95350A991FB7C7DE00B3D0F5 /* Project object */ = {
			isa = PBXProject;
			attributes = {
				LastSwiftUpdateCheck = 0910;
				LastUpgradeCheck = 0910;
				ORGANIZATIONNAME = acm;
				TargetAttributes = {
					95350AA01FB7C7DE00B3D0F5 = {
						CreatedOnToolsVersion = 9.1;
						ProvisioningStyle = Automatic;
					};
					95350AB41FB7C7DE00B3D0F5 = {
						CreatedOnToolsVersion = 9.1;
						ProvisioningStyle = Automatic;
						TestTargetID = 95350AA01FB7C7DE00B3D0F5;
					};
					95350ABF1FB7C7DE00B3D0F5 = {
						CreatedOnToolsVersion = 9.1;
						ProvisioningStyle = Automatic;
						TestTargetID = 95350AA01FB7C7DE00B3D0F5;
					};
				};
			};
			buildConfigurationList = 95350A9C1FB7C7DE00B3D0F5 /* Build configuration list for PBXProject "twilight" */;
			compatibilityVersion = "Xcode 8.0";
			developmentRegion = en;
			hasScannedForEncodings = 0;
			knownRegions = (
				en,
				Base,
			);
			mainGroup = 95350A981FB7C7DE00B3D0F5;
			productRefGroup = 95350AA21FB7C7DE00B3D0F5 /* Products */;
			projectDirPath = "";
			projectRoot = "";
			targets = (
				95350AA01FB7C7DE00B3D0F5 /* twilight */,
				95350AB41FB7C7DE00B3D0F5 /* twilightTests */,
				95350ABF1FB7C7DE00B3D0F5 /* twilightUITests */,
			);
		};
/* End PBXProject section */

/* Begin PBXResourcesBuildPhase section */
		95350A9F1FB7C7DE00B3D0F5 /* Resources */ = {
			isa = PBXResourcesBuildPhase;
			buildActionMask = 2147483647;
			files = (
				950366961FB7DC59003A22B0 /* LaunchScreen.storyboard in Resources */,
				950366971FB7DC59003A22B0 /* Main.storyboard in Resources */,
			);
			runOnlyForDeploymentPostprocessing = 0;
		};
		95350AB31FB7C7DE00B3D0F5 /* Resources */ = {
			isa = PBXResourcesBuildPhase;
			buildActionMask = 2147483647;
			files = (
			);
			runOnlyForDeploymentPostprocessing = 0;
		};
		95350ABE1FB7C7DE00B3D0F5 /* Resources */ = {
			isa = PBXResourcesBuildPhase;
			buildActionMask = 2147483647;
			files = (
			);
			runOnlyForDeploymentPostprocessing = 0;
		};
/* End PBXResourcesBuildPhase section */

/* Begin PBXShellScriptBuildPhase section */
		0E212B86F160F11794262B7F /* [CP] Check Pods Manifest.lock */ = {
			isa = PBXShellScriptBuildPhase;
			buildActionMask = 2147483647;
			files = (
			);
			inputPaths = (
				"${PODS_PODFILE_DIR_PATH}/Podfile.lock",
				"${PODS_ROOT}/Manifest.lock",
			);
			name = "[CP] Check Pods Manifest.lock";
			outputPaths = (
				"$(DERIVED_FILE_DIR)/Pods-twilightTests-checkManifestLockResult.txt",
			);
			runOnlyForDeploymentPostprocessing = 0;
			shellPath = /bin/sh;
			shellScript = "diff \"${PODS_PODFILE_DIR_PATH}/Podfile.lock\" \"${PODS_ROOT}/Manifest.lock\" > /dev/null\nif [ $? != 0 ] ; then\n    # print error to STDERR\n    echo \"error: The sandbox is not in sync with the Podfile.lock. Run 'pod install' or update your CocoaPods installation.\" >&2\n    exit 1\nfi\n# This output is used by Xcode 'outputs' to avoid re-running this script phase.\necho \"SUCCESS\" > \"${SCRIPT_OUTPUT_FILE_0}\"\n";
			showEnvVarsInLog = 0;
		};
		39DFDEA13C5EE07472AB7792 /* [CP] Copy Pods Resources */ = {
			isa = PBXShellScriptBuildPhase;
			buildActionMask = 2147483647;
			files = (
			);
			inputPaths = (
			);
			name = "[CP] Copy Pods Resources";
			outputPaths = (
			);
			runOnlyForDeploymentPostprocessing = 0;
			shellPath = /bin/sh;
			shellScript = "\"${SRCROOT}/Pods/Target Support Files/Pods-twilightTests/Pods-twilightTests-resources.sh\"\n";
			showEnvVarsInLog = 0;
		};
		3A5D2DC5A8A49ED07F6B1833 /* [CP] Embed Pods Frameworks */ = {
			isa = PBXShellScriptBuildPhase;
			buildActionMask = 2147483647;
			files = (
			);
			inputPaths = (
				"${SRCROOT}/Pods/Target Support Files/Pods-twilight/Pods-twilight-frameworks.sh",
				"${BUILT_PRODUCTS_DIR}/APIManager/APIManager.framework",
				"${BUILT_PRODUCTS_DIR}/SwiftyJSON/SwiftyJSON.framework",
			);
			name = "[CP] Embed Pods Frameworks";
			outputPaths = (
				"${TARGET_BUILD_DIR}/${FRAMEWORKS_FOLDER_PATH}/APIManager.framework",
				"${TARGET_BUILD_DIR}/${FRAMEWORKS_FOLDER_PATH}/SwiftyJSON.framework",
			);
			runOnlyForDeploymentPostprocessing = 0;
			shellPath = /bin/sh;
			shellScript = "\"${SRCROOT}/Pods/Target Support Files/Pods-twilight/Pods-twilight-frameworks.sh\"\n";
			showEnvVarsInLog = 0;
		};
		3C656CC3A87A5CED0798FF7D /* [CP] Check Pods Manifest.lock */ = {
			isa = PBXShellScriptBuildPhase;
			buildActionMask = 2147483647;
			files = (
			);
			inputPaths = (
				"${PODS_PODFILE_DIR_PATH}/Podfile.lock",
				"${PODS_ROOT}/Manifest.lock",
			);
			name = "[CP] Check Pods Manifest.lock";
			outputPaths = (
				"$(DERIVED_FILE_DIR)/Pods-twilightUITests-checkManifestLockResult.txt",
			);
			runOnlyForDeploymentPostprocessing = 0;
			shellPath = /bin/sh;
			shellScript = "diff \"${PODS_PODFILE_DIR_PATH}/Podfile.lock\" \"${PODS_ROOT}/Manifest.lock\" > /dev/null\nif [ $? != 0 ] ; then\n    # print error to STDERR\n    echo \"error: The sandbox is not in sync with the Podfile.lock. Run 'pod install' or update your CocoaPods installation.\" >&2\n    exit 1\nfi\n# This output is used by Xcode 'outputs' to avoid re-running this script phase.\necho \"SUCCESS\" > \"${SCRIPT_OUTPUT_FILE_0}\"\n";
			showEnvVarsInLog = 0;
		};
		40955F73638CA024E5BF605C /* [CP] Embed Pods Frameworks */ = {
			isa = PBXShellScriptBuildPhase;
			buildActionMask = 2147483647;
			files = (
			);
			inputPaths = (
			);
			name = "[CP] Embed Pods Frameworks";
			outputPaths = (
			);
			runOnlyForDeploymentPostprocessing = 0;
			shellPath = /bin/sh;
			shellScript = "\"${SRCROOT}/Pods/Target Support Files/Pods-twilightUITests/Pods-twilightUITests-frameworks.sh\"\n";
			showEnvVarsInLog = 0;
		};
		7A3561134C815F3A62FB5091 /* [CP] Check Pods Manifest.lock */ = {
			isa = PBXShellScriptBuildPhase;
			buildActionMask = 2147483647;
			files = (
			);
			inputPaths = (
				"${PODS_PODFILE_DIR_PATH}/Podfile.lock",
				"${PODS_ROOT}/Manifest.lock",
			);
			name = "[CP] Check Pods Manifest.lock";
			outputPaths = (
				"$(DERIVED_FILE_DIR)/Pods-twilight-checkManifestLockResult.txt",
			);
			runOnlyForDeploymentPostprocessing = 0;
			shellPath = /bin/sh;
			shellScript = "diff \"${PODS_PODFILE_DIR_PATH}/Podfile.lock\" \"${PODS_ROOT}/Manifest.lock\" > /dev/null\nif [ $? != 0 ] ; then\n    # print error to STDERR\n    echo \"error: The sandbox is not in sync with the Podfile.lock. Run 'pod install' or update your CocoaPods installation.\" >&2\n    exit 1\nfi\n# This output is used by Xcode 'outputs' to avoid re-running this script phase.\necho \"SUCCESS\" > \"${SCRIPT_OUTPUT_FILE_0}\"\n";
			showEnvVarsInLog = 0;
		};
		AA046E50D1905E60626DF0BD /* [CP] Embed Pods Frameworks */ = {
			isa = PBXShellScriptBuildPhase;
			buildActionMask = 2147483647;
			files = (
			);
			inputPaths = (
			);
			name = "[CP] Embed Pods Frameworks";
			outputPaths = (
			);
			runOnlyForDeploymentPostprocessing = 0;
			shellPath = /bin/sh;
			shellScript = "\"${SRCROOT}/Pods/Target Support Files/Pods-twilightTests/Pods-twilightTests-frameworks.sh\"\n";
			showEnvVarsInLog = 0;
		};
		CB50AC35FF8DBFBB7B95C390 /* [CP] Copy Pods Resources */ = {
			isa = PBXShellScriptBuildPhase;
			buildActionMask = 2147483647;
			files = (
			);
			inputPaths = (
			);
			name = "[CP] Copy Pods Resources";
			outputPaths = (
			);
			runOnlyForDeploymentPostprocessing = 0;
			shellPath = /bin/sh;
			shellScript = "\"${SRCROOT}/Pods/Target Support Files/Pods-twilight/Pods-twilight-resources.sh\"\n";
			showEnvVarsInLog = 0;
		};
		DAC586B1439ABC8770A7FECD /* [CP] Copy Pods Resources */ = {
			isa = PBXShellScriptBuildPhase;
			buildActionMask = 2147483647;
			files = (
			);
			inputPaths = (
			);
			name = "[CP] Copy Pods Resources";
			outputPaths = (
			);
			runOnlyForDeploymentPostprocessing = 0;
			shellPath = /bin/sh;
			shellScript = "\"${SRCROOT}/Pods/Target Support Files/Pods-twilightUITests/Pods-twilightUITests-resources.sh\"\n";
			showEnvVarsInLog = 0;
		};
/* End PBXShellScriptBuildPhase section */

/* Begin PBXSourcesBuildPhase section */
		95350A9D1FB7C7DE00B3D0F5 /* Sources */ = {
			isa = PBXSourcesBuildPhase;
			buildActionMask = 2147483647;
			files = (
				950366A01FB7DCB1003A22B0 /* GrootTwilightService.swift in Sources */,
				9503669E1FB7DC9F003A22B0 /* GrootUsersService.swift in Sources */,
				9503669A1FB7DC59003A22B0 /* AppDelegate.swift in Sources */,
				950366A21FB7DDDA003A22B0 /* GrootService.swift in Sources */,
				9503669C1FB7DC74003A22B0 /* APISecrets.swift in Sources */,
				950366981FB7DC59003A22B0 /* ViewController.swift in Sources */,
			);
			runOnlyForDeploymentPostprocessing = 0;
		};
		95350AB11FB7C7DE00B3D0F5 /* Sources */ = {
			isa = PBXSourcesBuildPhase;
			buildActionMask = 2147483647;
			files = (
				95350ABA1FB7C7DE00B3D0F5 /* twilightTests.swift in Sources */,
			);
			runOnlyForDeploymentPostprocessing = 0;
		};
		95350ABC1FB7C7DE00B3D0F5 /* Sources */ = {
			isa = PBXSourcesBuildPhase;
			buildActionMask = 2147483647;
			files = (
				95350AC51FB7C7DE00B3D0F5 /* twilightUITests.swift in Sources */,
			);
			runOnlyForDeploymentPostprocessing = 0;
		};
/* End PBXSourcesBuildPhase section */

/* Begin PBXTargetDependency section */
		95350AB71FB7C7DE00B3D0F5 /* PBXTargetDependency */ = {
			isa = PBXTargetDependency;
			target = 95350AA01FB7C7DE00B3D0F5 /* twilight */;
			targetProxy = 95350AB61FB7C7DE00B3D0F5 /* PBXContainerItemProxy */;
		};
		95350AC21FB7C7DE00B3D0F5 /* PBXTargetDependency */ = {
			isa = PBXTargetDependency;
			target = 95350AA01FB7C7DE00B3D0F5 /* twilight */;
			targetProxy = 95350AC11FB7C7DE00B3D0F5 /* PBXContainerItemProxy */;
		};
/* End PBXTargetDependency section */

/* Begin XCBuildConfiguration section */
		95350AC71FB7C7DE00B3D0F5 /* Debug */ = {
			isa = XCBuildConfiguration;
			buildSettings = {
				ALWAYS_SEARCH_USER_PATHS = NO;
				CLANG_ANALYZER_NONNULL = YES;
				CLANG_ANALYZER_NUMBER_OBJECT_CONVERSION = YES_AGGRESSIVE;
				CLANG_CXX_LANGUAGE_STANDARD = "gnu++14";
				CLANG_CXX_LIBRARY = "libc++";
				CLANG_ENABLE_MODULES = YES;
				CLANG_ENABLE_OBJC_ARC = YES;
				CLANG_WARN_BLOCK_CAPTURE_AUTORELEASING = YES;
				CLANG_WARN_BOOL_CONVERSION = YES;
				CLANG_WARN_COMMA = YES;
				CLANG_WARN_CONSTANT_CONVERSION = YES;
				CLANG_WARN_DIRECT_OBJC_ISA_USAGE = YES_ERROR;
				CLANG_WARN_DOCUMENTATION_COMMENTS = YES;
				CLANG_WARN_EMPTY_BODY = YES;
				CLANG_WARN_ENUM_CONVERSION = YES;
				CLANG_WARN_INFINITE_RECURSION = YES;
				CLANG_WARN_INT_CONVERSION = YES;
				CLANG_WARN_NON_LITERAL_NULL_CONVERSION = YES;
				CLANG_WARN_OBJC_LITERAL_CONVERSION = YES;
				CLANG_WARN_OBJC_ROOT_CLASS = YES_ERROR;
				CLANG_WARN_RANGE_LOOP_ANALYSIS = YES;
				CLANG_WARN_STRICT_PROTOTYPES = YES;
				CLANG_WARN_SUSPICIOUS_MOVE = YES;
				CLANG_WARN_UNGUARDED_AVAILABILITY = YES_AGGRESSIVE;
				CLANG_WARN_UNREACHABLE_CODE = YES;
				CLANG_WARN__DUPLICATE_METHOD_MATCH = YES;
				CODE_SIGN_IDENTITY = "iPhone Developer";
				COPY_PHASE_STRIP = NO;
				DEBUG_INFORMATION_FORMAT = dwarf;
				ENABLE_STRICT_OBJC_MSGSEND = YES;
				ENABLE_TESTABILITY = YES;
				GCC_C_LANGUAGE_STANDARD = gnu11;
				GCC_DYNAMIC_NO_PIC = NO;
				GCC_NO_COMMON_BLOCKS = YES;
				GCC_OPTIMIZATION_LEVEL = 0;
				GCC_PREPROCESSOR_DEFINITIONS = (
					"DEBUG=1",
					"$(inherited)",
				);
				GCC_WARN_64_TO_32_BIT_CONVERSION = YES;
				GCC_WARN_ABOUT_RETURN_TYPE = YES_ERROR;
				GCC_WARN_UNDECLARED_SELECTOR = YES;
				GCC_WARN_UNINITIALIZED_AUTOS = YES_AGGRESSIVE;
				GCC_WARN_UNUSED_FUNCTION = YES;
				GCC_WARN_UNUSED_VARIABLE = YES;
				IPHONEOS_DEPLOYMENT_TARGET = 11.1;
				MTL_ENABLE_DEBUG_INFO = YES;
				ONLY_ACTIVE_ARCH = YES;
				SDKROOT = iphoneos;
				SWIFT_ACTIVE_COMPILATION_CONDITIONS = DEBUG;
				SWIFT_OPTIMIZATION_LEVEL = "-Onone";
			};
			name = Debug;
		};
		95350AC81FB7C7DE00B3D0F5 /* Release */ = {
			isa = XCBuildConfiguration;
			buildSettings = {
				ALWAYS_SEARCH_USER_PATHS = NO;
				CLANG_ANALYZER_NONNULL = YES;
				CLANG_ANALYZER_NUMBER_OBJECT_CONVERSION = YES_AGGRESSIVE;
				CLANG_CXX_LANGUAGE_STANDARD = "gnu++14";
				CLANG_CXX_LIBRARY = "libc++";
				CLANG_ENABLE_MODULES = YES;
				CLANG_ENABLE_OBJC_ARC = YES;
				CLANG_WARN_BLOCK_CAPTURE_AUTORELEASING = YES;
				CLANG_WARN_BOOL_CONVERSION = YES;
				CLANG_WARN_COMMA = YES;
				CLANG_WARN_CONSTANT_CONVERSION = YES;
				CLANG_WARN_DIRECT_OBJC_ISA_USAGE = YES_ERROR;
				CLANG_WARN_DOCUMENTATION_COMMENTS = YES;
				CLANG_WARN_EMPTY_BODY = YES;
				CLANG_WARN_ENUM_CONVERSION = YES;
				CLANG_WARN_INFINITE_RECURSION = YES;
				CLANG_WARN_INT_CONVERSION = YES;
				CLANG_WARN_NON_LITERAL_NULL_CONVERSION = YES;
				CLANG_WARN_OBJC_LITERAL_CONVERSION = YES;
				CLANG_WARN_OBJC_ROOT_CLASS = YES_ERROR;
				CLANG_WARN_RANGE_LOOP_ANALYSIS = YES;
				CLANG_WARN_STRICT_PROTOTYPES = YES;
				CLANG_WARN_SUSPICIOUS_MOVE = YES;
				CLANG_WARN_UNGUARDED_AVAILABILITY = YES_AGGRESSIVE;
				CLANG_WARN_UNREACHABLE_CODE = YES;
				CLANG_WARN__DUPLICATE_METHOD_MATCH = YES;
				CODE_SIGN_IDENTITY = "iPhone Developer";
				COPY_PHASE_STRIP = NO;
				DEBUG_INFORMATION_FORMAT = "dwarf-with-dsym";
				ENABLE_NS_ASSERTIONS = NO;
				ENABLE_STRICT_OBJC_MSGSEND = YES;
				GCC_C_LANGUAGE_STANDARD = gnu11;
				GCC_NO_COMMON_BLOCKS = YES;
				GCC_WARN_64_TO_32_BIT_CONVERSION = YES;
				GCC_WARN_ABOUT_RETURN_TYPE = YES_ERROR;
				GCC_WARN_UNDECLARED_SELECTOR = YES;
				GCC_WARN_UNINITIALIZED_AUTOS = YES_AGGRESSIVE;
				GCC_WARN_UNUSED_FUNCTION = YES;
				GCC_WARN_UNUSED_VARIABLE = YES;
				IPHONEOS_DEPLOYMENT_TARGET = 11.1;
				MTL_ENABLE_DEBUG_INFO = NO;
				SDKROOT = iphoneos;
				SWIFT_OPTIMIZATION_LEVEL = "-Owholemodule";
				VALIDATE_PRODUCT = YES;
			};
			name = Release;
		};
		95350ACA1FB7C7DE00B3D0F5 /* Debug */ = {
			isa = XCBuildConfiguration;
			baseConfigurationReference = FD425BE7F5FB9B468C95493C /* Pods-twilight.debug.xcconfig */;
			buildSettings = {
				ASSETCATALOG_COMPILER_APPICON_NAME = AppIcon;
				CODE_SIGN_STYLE = Automatic;
				INFOPLIST_FILE = twilight/Info.plist;
				LD_RUNPATH_SEARCH_PATHS = "$(inherited) @executable_path/Frameworks";
				PRODUCT_BUNDLE_IDENTIFIER = acm.twilight;
				PRODUCT_NAME = "$(TARGET_NAME)";
				SWIFT_VERSION = 4.0;
				TARGETED_DEVICE_FAMILY = "1,2";
			};
			name = Debug;
		};
		95350ACB1FB7C7DE00B3D0F5 /* Release */ = {
			isa = XCBuildConfiguration;
			baseConfigurationReference = 6C7A1B2BC6FD6722782C571E /* Pods-twilight.release.xcconfig */;
			buildSettings = {
				ASSETCATALOG_COMPILER_APPICON_NAME = AppIcon;
				CODE_SIGN_STYLE = Automatic;
				INFOPLIST_FILE = twilight/Info.plist;
				LD_RUNPATH_SEARCH_PATHS = "$(inherited) @executable_path/Frameworks";
				PRODUCT_BUNDLE_IDENTIFIER = acm.twilight;
				PRODUCT_NAME = "$(TARGET_NAME)";
				SWIFT_VERSION = 4.0;
				TARGETED_DEVICE_FAMILY = "1,2";
			};
			name = Release;
		};
		95350ACD1FB7C7DE00B3D0F5 /* Debug */ = {
			isa = XCBuildConfiguration;
			baseConfigurationReference = AB11A0FBFD9AB046748D48FA /* Pods-twilightTests.debug.xcconfig */;
			buildSettings = {
				ALWAYS_EMBED_SWIFT_STANDARD_LIBRARIES = YES;
				BUNDLE_LOADER = "$(TEST_HOST)";
				CODE_SIGN_STYLE = Automatic;
				INFOPLIST_FILE = twilightTests/Info.plist;
				LD_RUNPATH_SEARCH_PATHS = "$(inherited) @executable_path/Frameworks @loader_path/Frameworks";
				PRODUCT_BUNDLE_IDENTIFIER = acm.twilightTests;
				PRODUCT_NAME = "$(TARGET_NAME)";
				SWIFT_VERSION = 4.0;
				TARGETED_DEVICE_FAMILY = "1,2";
				TEST_HOST = "$(BUILT_PRODUCTS_DIR)/twilight.app/twilight";
			};
			name = Debug;
		};
		95350ACE1FB7C7DE00B3D0F5 /* Release */ = {
			isa = XCBuildConfiguration;
			baseConfigurationReference = FDEE91A1EA7A308AC3C5CD1E /* Pods-twilightTests.release.xcconfig */;
			buildSettings = {
				ALWAYS_EMBED_SWIFT_STANDARD_LIBRARIES = YES;
				BUNDLE_LOADER = "$(TEST_HOST)";
				CODE_SIGN_STYLE = Automatic;
				INFOPLIST_FILE = twilightTests/Info.plist;
				LD_RUNPATH_SEARCH_PATHS = "$(inherited) @executable_path/Frameworks @loader_path/Frameworks";
				PRODUCT_BUNDLE_IDENTIFIER = acm.twilightTests;
				PRODUCT_NAME = "$(TARGET_NAME)";
				SWIFT_VERSION = 4.0;
				TARGETED_DEVICE_FAMILY = "1,2";
				TEST_HOST = "$(BUILT_PRODUCTS_DIR)/twilight.app/twilight";
			};
			name = Release;
		};
		95350AD01FB7C7DE00B3D0F5 /* Debug */ = {
			isa = XCBuildConfiguration;
			baseConfigurationReference = 2A42799F01DDB877B1C98349 /* Pods-twilightUITests.debug.xcconfig */;
			buildSettings = {
				ALWAYS_EMBED_SWIFT_STANDARD_LIBRARIES = YES;
				CODE_SIGN_STYLE = Automatic;
				INFOPLIST_FILE = twilightUITests/Info.plist;
				LD_RUNPATH_SEARCH_PATHS = "$(inherited) @executable_path/Frameworks @loader_path/Frameworks";
				PRODUCT_BUNDLE_IDENTIFIER = acm.twilightUITests;
				PRODUCT_NAME = "$(TARGET_NAME)";
				SWIFT_VERSION = 4.0;
				TARGETED_DEVICE_FAMILY = "1,2";
				TEST_TARGET_NAME = twilight;
			};
			name = Debug;
		};
		95350AD11FB7C7DE00B3D0F5 /* Release */ = {
			isa = XCBuildConfiguration;
			baseConfigurationReference = 69EF649DCEE072B155677761 /* Pods-twilightUITests.release.xcconfig */;
			buildSettings = {
				ALWAYS_EMBED_SWIFT_STANDARD_LIBRARIES = YES;
				CODE_SIGN_STYLE = Automatic;
				INFOPLIST_FILE = twilightUITests/Info.plist;
				LD_RUNPATH_SEARCH_PATHS = "$(inherited) @executable_path/Frameworks @loader_path/Frameworks";
				PRODUCT_BUNDLE_IDENTIFIER = acm.twilightUITests;
				PRODUCT_NAME = "$(TARGET_NAME)";
				SWIFT_VERSION = 4.0;
				TARGETED_DEVICE_FAMILY = "1,2";
				TEST_TARGET_NAME = twilight;
			};
			name = Release;
		};
/* End XCBuildConfiguration section */

/* Begin XCConfigurationList section */
		95350A9C1FB7C7DE00B3D0F5 /* Build configuration list for PBXProject "twilight" */ = {
			isa = XCConfigurationList;
			buildConfigurations = (
				95350AC71FB7C7DE00B3D0F5 /* Debug */,
				95350AC81FB7C7DE00B3D0F5 /* Release */,
			);
			defaultConfigurationIsVisible = 0;
			defaultConfigurationName = Release;
		};
		95350AC91FB7C7DE00B3D0F5 /* Build configuration list for PBXNativeTarget "twilight" */ = {
			isa = XCConfigurationList;
			buildConfigurations = (
				95350ACA1FB7C7DE00B3D0F5 /* Debug */,
				95350ACB1FB7C7DE00B3D0F5 /* Release */,
			);
			defaultConfigurationIsVisible = 0;
			defaultConfigurationName = Release;
		};
		95350ACC1FB7C7DE00B3D0F5 /* Build configuration list for PBXNativeTarget "twilightTests" */ = {
			isa = XCConfigurationList;
			buildConfigurations = (
				95350ACD1FB7C7DE00B3D0F5 /* Debug */,
				95350ACE1FB7C7DE00B3D0F5 /* Release */,
			);
			defaultConfigurationIsVisible = 0;
			defaultConfigurationName = Release;
		};
		95350ACF1FB7C7DE00B3D0F5 /* Build configuration list for PBXNativeTarget "twilightUITests" */ = {
			isa = XCConfigurationList;
			buildConfigurations = (
				95350AD01FB7C7DE00B3D0F5 /* Debug */,
				95350AD11FB7C7DE00B3D0F5 /* Release */,
			);
			defaultConfigurationIsVisible = 0;
			defaultConfigurationName = Release;
		};
/* End XCConfigurationList section */
	};
	rootObject = 95350A991FB7C7DE00B3D0F5 /* Project object */;
}
